
Microsoft Visual Studio Solution File, Format Version 12.00
# Visual Studio Version 17
VisualStudioVersion = 17.9.34902.65
MinimumVisualStudioVersion = 10.0.40219.1
Project("{2150E333-8FDC-42A3-9474-1A3956D46DE8}") = "00.package", "00.package", "{6C4922EF-A05C-41BC-91B2-CA386287585D}"
EndProject
Project("{2150E333-8FDC-42A3-9474-1A3956D46DE8}") = "src", "src", "{05097EED-3F60-4998-B35F-65CD22001D14}"
EndProject
Project("{2150E333-8FDC-42A3-9474-1A3956D46DE8}") = "01.Core", "01.Core", "{C5CD587E-1232-4D9E-8B0B-C73D5E928E96}"
EndProject
Project("{2150E333-8FDC-42A3-9474-1A3956D46DE8}") = "02.Instructure", "02.Instructure", "{64F49AC4-753D-4B35-AFF1-E7BCEB31EBEC}"
EndProject
Project("{2150E333-8FDC-42A3-9474-1A3956D46DE8}") = "03.Persistention", "03.Persistention", "{456134D3-4BE5-476B-A7C0-FAE0E325576F}"
EndProject
Project("{2150E333-8FDC-42A3-9474-1A3956D46DE8}") = "test", "test", "{03EE57E7-6384-4E22-9D99-10CDC701EDB6}"
EndProject
Project("{9A19103F-16F7-4668-BE54-9A1E7A4F7556}") = "Shoeses.Entitis", "Shoeses.Entitis\Shoeses.Entitis.csproj", "{4AFD5646-E296-4FCB-B7A1-BE758E629FF5}"
EndProject
Project("{9A19103F-16F7-4668-BE54-9A1E7A4F7556}") = "Shoeses.persistence.EF", "Shoeses.persistence.EF\Shoeses.persistence.EF.csproj", "{1BE72140-D2DF-4BF3-B89A-8E73A229242A}"
EndProject
Project("{9A19103F-16F7-4668-BE54-9A1E7A4F7556}") = "Shoeses.Services", "Shoeses.Services\Shoeses.Services.csproj", "{7CD9C9B8-180A-4EBA-9419-16E019EAC124}"
EndProject
Project("{9A19103F-16F7-4668-BE54-9A1E7A4F7556}") = "Shoeses.RestApi", "Shoeses.RestApi\Shoeses.RestApi.csproj", "{5A73CB46-4E23-42C4-ADA2-33066CBD6F3B}"
EndProject
Project("{9A19103F-16F7-4668-BE54-9A1E7A4F7556}") = "Shoeses.Migrations", "Shoeses.Migrations\Shoeses.Migrations.csproj", "{B0CA1251-92E1-4930-861D-DFAF567BEC4F}"
EndProject
Project("{9A19103F-16F7-4668-BE54-9A1E7A4F7556}") = "Shoeses.Contracts", "Shoeses.Contracts\Shoeses.Contracts.csproj", "{56735823-1076-4031-A78C-E2BAB5D125D8}"
EndProject
Project("{FAE04EC0-301F-11D3-BF4B-00C04F79EFBC}") = "Shoeses.UnitTest", "Shoeses.UnitTest\Shoeses.UnitTest.csproj", "{E393A681-DEEA-4532-8326-875A8A0A34EC}"
EndProject
Project("{2150E333-8FDC-42A3-9474-1A3956D46DE8}") = "Solution Items", "Solution Items", "{B42FA928-F7BB-4714-8E16-027A5985CAE6}"
	ProjectSection(SolutionItems) = preProject
		.gitignore = .gitignore
	EndProjectSection
EndProject
Project("{FAE04EC0-301F-11D3-BF4B-00C04F79EFBC}") = "Shoeses.TestTools", "Shoeses.TestTools\Shoeses.TestTools.csproj", "{ECC1F90A-1E2E-4E17-86BC-0A048F831C11}"
EndProject
Global
	GlobalSection(SolutionConfigurationPlatforms) = preSolution
		Debug|Any CPU = Debug|Any CPU
		Release|Any CPU = Release|Any CPU
	EndGlobalSection
	GlobalSection(ProjectConfigurationPlatforms) = postSolution
		{4AFD5646-E296-4FCB-B7A1-BE758E629FF5}.Debug|Any CPU.ActiveCfg = Debug|Any CPU
		{4AFD5646-E296-4FCB-B7A1-BE758E629FF5}.Debug|Any CPU.Build.0 = Debug|Any CPU
		{4AFD5646-E296-4FCB-B7A1-BE758E629FF5}.Release|Any CPU.ActiveCfg = Release|Any CPU
		{4AFD5646-E296-4FCB-B7A1-BE758E629FF5}.Release|Any CPU.Build.0 = Release|Any CPU
		{1BE72140-D2DF-4BF3-B89A-8E73A229242A}.Debug|Any CPU.ActiveCfg = Debug|Any CPU
		{1BE72140-D2DF-4BF3-B89A-8E73A229242A}.Debug|Any CPU.Build.0 = Debug|Any CPU
		{1BE72140-D2DF-4BF3-B89A-8E73A229242A}.Release|Any CPU.ActiveCfg = Release|Any CPU
		{1BE72140-D2DF-4BF3-B89A-8E73A229242A}.Release|Any CPU.Build.0 = Release|Any CPU
		{7CD9C9B8-180A-4EBA-9419-16E019EAC124}.Debug|Any CPU.ActiveCfg = Debug|Any CPU
		{7CD9C9B8-180A-4EBA-9419-16E019EAC124}.Debug|Any CPU.Build.0 = Debug|Any CPU
		{7CD9C9B8-180A-4EBA-9419-16E019EAC124}.Release|Any CPU.ActiveCfg = Release|Any CPU
		{7CD9C9B8-180A-4EBA-9419-16E019EAC124}.Release|Any CPU.Build.0 = Release|Any CPU
		{5A73CB46-4E23-42C4-ADA2-33066CBD6F3B}.Debug|Any CPU.ActiveCfg = Debug|Any CPU
		{5A73CB46-4E23-42C4-ADA2-33066CBD6F3B}.Debug|Any CPU.Build.0 = Debug|Any CPU
		{5A73CB46-4E23-42C4-ADA2-33066CBD6F3B}.Release|Any CPU.ActiveCfg = Release|Any CPU
		{5A73CB46-4E23-42C4-ADA2-33066CBD6F3B}.Release|Any CPU.Build.0 = Release|Any CPU
		{B0CA1251-92E1-4930-861D-DFAF567BEC4F}.Debug|Any CPU.ActiveCfg = Debug|Any CPU
		{B0CA1251-92E1-4930-861D-DFAF567BEC4F}.Debug|Any CPU.Build.0 = Debug|Any CPU
		{B0CA1251-92E1-4930-861D-DFAF567BEC4F}.Release|Any CPU.ActiveCfg = Release|Any CPU
		{B0CA1251-92E1-4930-861D-DFAF567BEC4F}.Release|Any CPU.Build.0 = Release|Any CPU
		{56735823-1076-4031-A78C-E2BAB5D125D8}.Debug|Any CPU.ActiveCfg = Debug|Any CPU
		{56735823-1076-4031-A78C-E2BAB5D125D8}.Debug|Any CPU.Build.0 = Debug|Any CPU
		{56735823-1076-4031-A78C-E2BAB5D125D8}.Release|Any CPU.ActiveCfg = Release|Any CPU
		{56735823-1076-4031-A78C-E2BAB5D125D8}.Release|Any CPU.Build.0 = Release|Any CPU
		{E393A681-DEEA-4532-8326-875A8A0A34EC}.Debug|Any CPU.ActiveCfg = Debug|Any CPU
		{E393A681-DEEA-4532-8326-875A8A0A34EC}.Debug|Any CPU.Build.0 = Debug|Any CPU
		{E393A681-DEEA-4532-8326-875A8A0A34EC}.Release|Any CPU.ActiveCfg = Release|Any CPU
		{E393A681-DEEA-4532-8326-875A8A0A34EC}.Release|Any CPU.Build.0 = Release|Any CPU
		{ECC1F90A-1E2E-4E17-86BC-0A048F831C11}.Debug|Any CPU.ActiveCfg = Debug|Any CPU
		{ECC1F90A-1E2E-4E17-86BC-0A048F831C11}.Debug|Any CPU.Build.0 = Debug|Any CPU
		{ECC1F90A-1E2E-4E17-86BC-0A048F831C11}.Release|Any CPU.ActiveCfg = Release|Any CPU
		{ECC1F90A-1E2E-4E17-86BC-0A048F831C11}.Release|Any CPU.Build.0 = Release|Any CPU
	EndGlobalSection
	GlobalSection(SolutionProperties) = preSolution
		HideSolutionNode = FALSE
	EndGlobalSection
	GlobalSection(NestedProjects) = preSolution
		{6C4922EF-A05C-41BC-91B2-CA386287585D} = {05097EED-3F60-4998-B35F-65CD22001D14}
		{C5CD587E-1232-4D9E-8B0B-C73D5E928E96} = {05097EED-3F60-4998-B35F-65CD22001D14}
		{64F49AC4-753D-4B35-AFF1-E7BCEB31EBEC} = {05097EED-3F60-4998-B35F-65CD22001D14}
		{456134D3-4BE5-476B-A7C0-FAE0E325576F} = {05097EED-3F60-4998-B35F-65CD22001D14}
		{4AFD5646-E296-4FCB-B7A1-BE758E629FF5} = {C5CD587E-1232-4D9E-8B0B-C73D5E928E96}
		{1BE72140-D2DF-4BF3-B89A-8E73A229242A} = {64F49AC4-753D-4B35-AFF1-E7BCEB31EBEC}
		{7CD9C9B8-180A-4EBA-9419-16E019EAC124} = {C5CD587E-1232-4D9E-8B0B-C73D5E928E96}
		{5A73CB46-4E23-42C4-ADA2-33066CBD6F3B} = {456134D3-4BE5-476B-A7C0-FAE0E325576F}
		{B0CA1251-92E1-4930-861D-DFAF567BEC4F} = {64F49AC4-753D-4B35-AFF1-E7BCEB31EBEC}
		{56735823-1076-4031-A78C-E2BAB5D125D8} = {6C4922EF-A05C-41BC-91B2-CA386287585D}
		{E393A681-DEEA-4532-8326-875A8A0A34EC} = {03EE57E7-6384-4E22-9D99-10CDC701EDB6}
		{ECC1F90A-1E2E-4E17-86BC-0A048F831C11} = {03EE57E7-6384-4E22-9D99-10CDC701EDB6}
	EndGlobalSection
	GlobalSection(ExtensibilityGlobals) = postSolution
		SolutionGuid = {348961A9-DE44-498C-9975-CA6ED4FA17CF}
	EndGlobalSection
EndGlobal
